
Microsoft Visual Studio Solution File, Format Version 12.00
# Visual Studio Version 17
VisualStudioVersion = 17.3.32901.215
MinimumVisualStudioVersion = 10.0.40219.1
Project("{FAE04EC0-301F-11D3-BF4B-00C04F79EFBC}") = "Sibernetik_deneme", "Sibernetik_deneme\Sibernetik_deneme.csproj", "{8A4D8F92-3443-4C0E-95E1-F86619D12413}"
EndProject
Global
	GlobalSection(SolutionConfigurationPlatforms) = preSolution
		Debug|Any CPU = Debug|Any CPU
		Release|Any CPU = Release|Any CPU
	EndGlobalSection
	GlobalSection(ProjectConfigurationPlatforms) = postSolution
		{8A4D8F92-3443-4C0E-95E1-F86619D12413}.Debug|Any CPU.ActiveCfg = Debug|Any CPU
		{8A4D8F92-3443-4C0E-95E1-F86619D12413}.Debug|Any CPU.Build.0 = Debug|Any CPU
		{8A4D8F92-3443-4C0E-95E1-F86619D12413}.Release|Any CPU.ActiveCfg = Release|Any CPU
		{8A4D8F92-3443-4C0E-95E1-F86619D12413}.Release|Any CPU.Build.0 = Release|Any CPU
	EndGlobalSection
	GlobalSection(SolutionProperties) = preSolution
		HideSolutionNode = FALSE
	EndGlobalSection
	GlobalSection(ExtensibilityGlobals) = postSolution
		SolutionGuid = {3F3FB252-A755-44D1-9E20-72AC50A3CAF4}
	EndGlobalSection
EndGlobal
